
Microsoft Visual Studio Solution File, Format Version 12.00
# Visual Studio Version 17
VisualStudioVersion = 17.4.33110.190
MinimumVisualStudioVersion = 10.0.40219.1
Project("{FAE04EC0-301F-11D3-BF4B-00C04F79EFBC}") = "sky_practice", "sky_practice\sky_practice.csproj", "{9313FE86-D35D-4B42-B930-EF4826D5A9A9}"
EndProject
Global
	GlobalSection(SolutionConfigurationPlatforms) = preSolution
		Debug|Any CPU = Debug|Any CPU
		Release|Any CPU = Release|Any CPU
	EndGlobalSection
	GlobalSection(ProjectConfigurationPlatforms) = postSolution
		{9313FE86-D35D-4B42-B930-EF4826D5A9A9}.Debug|Any CPU.ActiveCfg = Debug|Any CPU
		{9313FE86-D35D-4B42-B930-EF4826D5A9A9}.Debug|Any CPU.Build.0 = Debug|Any CPU
		{9313FE86-D35D-4B42-B930-EF4826D5A9A9}.Release|Any CPU.ActiveCfg = Release|Any CPU
		{9313FE86-D35D-4B42-B930-EF4826D5A9A9}.Release|Any CPU.Build.0 = Release|Any CPU
	EndGlobalSection
	GlobalSection(SolutionProperties) = preSolution
		HideSolutionNode = FALSE
	EndGlobalSection
	GlobalSection(ExtensibilityGlobals) = postSolution
		SolutionGuid = {8FA600A9-FA72-48F3-AFD3-B4668C774F8F}
	EndGlobalSection
EndGlobal
