
Microsoft Visual Studio Solution File, Format Version 12.00
# Visual Studio Version 16
VisualStudioVersion = 16.0.33214.272
MinimumVisualStudioVersion = 10.0.40219.1
Project("{FAE04EC0-301F-11D3-BF4B-00C04F79EFBC}") = "data_property", "data_property\data_property.csproj", "{14F94B2C-608A-47AB-AE9E-BEEAA3748DC7}"
EndProject
Global
	GlobalSection(SolutionConfigurationPlatforms) = preSolution
		Debug|Any CPU = Debug|Any CPU
		Release|Any CPU = Release|Any CPU
	EndGlobalSection
	GlobalSection(ProjectConfigurationPlatforms) = postSolution
		{14F94B2C-608A-47AB-AE9E-BEEAA3748DC7}.Debug|Any CPU.ActiveCfg = Debug|Any CPU
		{14F94B2C-608A-47AB-AE9E-BEEAA3748DC7}.Debug|Any CPU.Build.0 = Debug|Any CPU
		{14F94B2C-608A-47AB-AE9E-BEEAA3748DC7}.Release|Any CPU.ActiveCfg = Release|Any CPU
		{14F94B2C-608A-47AB-AE9E-BEEAA3748DC7}.Release|Any CPU.Build.0 = Release|Any CPU
	EndGlobalSection
	GlobalSection(SolutionProperties) = preSolution
		HideSolutionNode = FALSE
	EndGlobalSection
	GlobalSection(ExtensibilityGlobals) = postSolution
		SolutionGuid = {FEF87893-C262-4B19-9F84-0B22AD60798F}
	EndGlobalSection
EndGlobal
