
Microsoft Visual Studio Solution File, Format Version 12.00
# Visual Studio Version 16
VisualStudioVersion = 16.0.33130.400
MinimumVisualStudioVersion = 10.0.40219.1
Project("{FAE04EC0-301F-11D3-BF4B-00C04F79EFBC}") = "WebApplication27", "WebApplication27\WebApplication27.csproj", "{1653CA47-55A3-43E7-90A9-BA732891063D}"
EndProject
Global
	GlobalSection(SolutionConfigurationPlatforms) = preSolution
		Debug|Any CPU = Debug|Any CPU
		Release|Any CPU = Release|Any CPU
	EndGlobalSection
	GlobalSection(ProjectConfigurationPlatforms) = postSolution
		{1653CA47-55A3-43E7-90A9-BA732891063D}.Debug|Any CPU.ActiveCfg = Debug|Any CPU
		{1653CA47-55A3-43E7-90A9-BA732891063D}.Debug|Any CPU.Build.0 = Debug|Any CPU
		{1653CA47-55A3-43E7-90A9-BA732891063D}.Release|Any CPU.ActiveCfg = Release|Any CPU
		{1653CA47-55A3-43E7-90A9-BA732891063D}.Release|Any CPU.Build.0 = Release|Any CPU
	EndGlobalSection
	GlobalSection(SolutionProperties) = preSolution
		HideSolutionNode = FALSE
	EndGlobalSection
	GlobalSection(ExtensibilityGlobals) = postSolution
		SolutionGuid = {20C7D165-8FA7-440C-B10D-5827DF6F1B1D}
	EndGlobalSection
EndGlobal
