
Microsoft Visual Studio Solution File, Format Version 12.00
# Visual Studio Version 16
VisualStudioVersion = 16.0.33214.272
MinimumVisualStudioVersion = 10.0.40219.1
Project("{FAE04EC0-301F-11D3-BF4B-00C04F79EFBC}") = "CV", "CV\CV.csproj", "{075F3C69-3921-4EA6-834E-47890E084598}"
EndProject
Global
	GlobalSection(SolutionConfigurationPlatforms) = preSolution
		Debug|Any CPU = Debug|Any CPU
		Release|Any CPU = Release|Any CPU
	EndGlobalSection
	GlobalSection(ProjectConfigurationPlatforms) = postSolution
		{075F3C69-3921-4EA6-834E-47890E084598}.Debug|Any CPU.ActiveCfg = Debug|Any CPU
		{075F3C69-3921-4EA6-834E-47890E084598}.Debug|Any CPU.Build.0 = Debug|Any CPU
		{075F3C69-3921-4EA6-834E-47890E084598}.Release|Any CPU.ActiveCfg = Release|Any CPU
		{075F3C69-3921-4EA6-834E-47890E084598}.Release|Any CPU.Build.0 = Release|Any CPU
	EndGlobalSection
	GlobalSection(SolutionProperties) = preSolution
		HideSolutionNode = FALSE
	EndGlobalSection
	GlobalSection(ExtensibilityGlobals) = postSolution
		SolutionGuid = {23577287-3CBE-4CAD-8E5E-8FA4D6010BDD}
	EndGlobalSection
EndGlobal
