
Microsoft Visual Studio Solution File, Format Version 12.00
# Visual Studio Version 16
VisualStudioVersion = 16.0.33214.272
MinimumVisualStudioVersion = 10.0.40219.1
Project("{FAE04EC0-301F-11D3-BF4B-00C04F79EFBC}") = "PayalADO", "PayalADO\PayalADO.csproj", "{A42940C4-0222-43D0-AE3F-5EB5115A6320}"
EndProject
Global
	GlobalSection(SolutionConfigurationPlatforms) = preSolution
		Debug|Any CPU = Debug|Any CPU
		Release|Any CPU = Release|Any CPU
	EndGlobalSection
	GlobalSection(ProjectConfigurationPlatforms) = postSolution
		{A42940C4-0222-43D0-AE3F-5EB5115A6320}.Debug|Any CPU.ActiveCfg = Debug|Any CPU
		{A42940C4-0222-43D0-AE3F-5EB5115A6320}.Debug|Any CPU.Build.0 = Debug|Any CPU
		{A42940C4-0222-43D0-AE3F-5EB5115A6320}.Release|Any CPU.ActiveCfg = Release|Any CPU
		{A42940C4-0222-43D0-AE3F-5EB5115A6320}.Release|Any CPU.Build.0 = Release|Any CPU
	EndGlobalSection
	GlobalSection(SolutionProperties) = preSolution
		HideSolutionNode = FALSE
	EndGlobalSection
	GlobalSection(ExtensibilityGlobals) = postSolution
		SolutionGuid = {6A029198-9F75-4842-BB5F-E466C7D61899}
	EndGlobalSection
EndGlobal
