
Microsoft Visual Studio Solution File, Format Version 12.00
# Visual Studio Version 17
VisualStudioVersion = 17.4.33110.190
MinimumVisualStudioVersion = 10.0.40219.1
Project("{FAE04EC0-301F-11D3-BF4B-00C04F79EFBC}") = "sky practice", "sky practice\sky practice.csproj", "{B265C8DD-BFE6-4EB8-9F7C-4860F9F821DB}"
EndProject
Global
	GlobalSection(SolutionConfigurationPlatforms) = preSolution
		Debug|Any CPU = Debug|Any CPU
		Release|Any CPU = Release|Any CPU
	EndGlobalSection
	GlobalSection(ProjectConfigurationPlatforms) = postSolution
		{B265C8DD-BFE6-4EB8-9F7C-4860F9F821DB}.Debug|Any CPU.ActiveCfg = Debug|Any CPU
		{B265C8DD-BFE6-4EB8-9F7C-4860F9F821DB}.Debug|Any CPU.Build.0 = Debug|Any CPU
		{B265C8DD-BFE6-4EB8-9F7C-4860F9F821DB}.Release|Any CPU.ActiveCfg = Release|Any CPU
		{B265C8DD-BFE6-4EB8-9F7C-4860F9F821DB}.Release|Any CPU.Build.0 = Release|Any CPU
	EndGlobalSection
	GlobalSection(SolutionProperties) = preSolution
		HideSolutionNode = FALSE
	EndGlobalSection
	GlobalSection(ExtensibilityGlobals) = postSolution
		SolutionGuid = {3327C46F-090B-4B1E-9300-FD495D71DB23}
	EndGlobalSection
EndGlobal
