
Microsoft Visual Studio Solution File, Format Version 12.00
# Visual Studio Version 16
VisualStudioVersion = 16.0.33214.272
MinimumVisualStudioVersion = 10.0.40219.1
Project("{FAE04EC0-301F-11D3-BF4B-00C04F79EFBC}") = "validationall", "validationall\validationall.csproj", "{1763AE2A-FB59-4A5F-BD19-55758678527F}"
EndProject
Global
	GlobalSection(SolutionConfigurationPlatforms) = preSolution
		Debug|Any CPU = Debug|Any CPU
		Release|Any CPU = Release|Any CPU
	EndGlobalSection
	GlobalSection(ProjectConfigurationPlatforms) = postSolution
		{1763AE2A-FB59-4A5F-BD19-55758678527F}.Debug|Any CPU.ActiveCfg = Debug|Any CPU
		{1763AE2A-FB59-4A5F-BD19-55758678527F}.Debug|Any CPU.Build.0 = Debug|Any CPU
		{1763AE2A-FB59-4A5F-BD19-55758678527F}.Release|Any CPU.ActiveCfg = Release|Any CPU
		{1763AE2A-FB59-4A5F-BD19-55758678527F}.Release|Any CPU.Build.0 = Release|Any CPU
	EndGlobalSection
	GlobalSection(SolutionProperties) = preSolution
		HideSolutionNode = FALSE
	EndGlobalSection
	GlobalSection(ExtensibilityGlobals) = postSolution
		SolutionGuid = {010BD38D-8DA6-41CA-8DD0-98DEA3CFA90C}
	EndGlobalSection
EndGlobal
